[[package]]
name = "black"
version = "22.12.0"
requires_python = ">=3.7"
summary = "The uncompromising code formatter."
dependencies = [
    "click>=8.0.0",
    "mypy-extensions>=0.4.3",
    "pathspec>=0.9.0",
    "platformdirs>=2",
    "tomli>=1.1.0; python_full_version < \"3.11.0a7\"",
    "typing-extensions>=3.10.0.0; python_version < \"3.10\"",
]

[[package]]
name = "certifi"
version = "2022.12.7"
requires_python = ">=3.6"
summary = "Python package for providing Mozilla's CA Bundle."

[[package]]
name = "chardet"
version = "3.0.4"
summary = "Universal encoding detector for Python 2 and 3"

[[package]]
name = "charset-normalizer"
version = "2.1.1"
requires_python = ">=3.6.0"
summary = "The Real First Universal Charset Detector. Open, modern and actively maintained alternative to Chardet."

[[package]]
name = "click"
version = "8.1.3"
requires_python = ">=3.7"
summary = "Composable command line interface toolkit"
dependencies = [
    "colorama; platform_system == \"Windows\"",
]

[[package]]
name = "colorama"
version = "0.4.6"
requires_python = "!=3.0.*,!=3.1.*,!=3.2.*,!=3.3.*,!=3.4.*,!=3.5.*,!=3.6.*,>=2.7"
summary = "Cross-platform colored terminal text."

[[package]]
name = "googletrans"
version = "3.0.0"
summary = "Free Google Translate API for Python. Translates totally free of charge."
dependencies = [
    "httpx==0.13.3",
]

[[package]]
name = "gtts"
version = "2.3.0"
requires_python = ">=3.7"
summary = "gTTS (Google Text-to-Speech), a Python library and CLI tool to interface with Google Translate text-to-speech API"
dependencies = [
    "click~=8.1.3",
    "requests~=2.28.0",
    "six~=1.16.0",
]

[[package]]
name = "h11"
version = "0.9.0"
summary = "A pure-Python, bring-your-own-I/O implementation of HTTP/1.1"

[[package]]
name = "h2"
version = "3.2.0"
summary = "HTTP/2 State-Machine based protocol implementation"
dependencies = [
    "hpack<4,>=3.0",
    "hyperframe<6,>=5.2.0",
]

[[package]]
name = "hpack"
version = "3.0.0"
summary = "Pure-Python HPACK header compression"

[[package]]
name = "hstspreload"
version = "2022.12.1"
requires_python = ">=3.6"
summary = "Chromium HSTS Preload list as a Python package"

[[package]]
name = "httpcore"
version = "0.9.1"
requires_python = ">=3.6"
summary = "A minimal low-level HTTP client."
dependencies = [
    "h11<0.10,>=0.8",
    "h2==3.*",
    "sniffio==1.*",
]

[[package]]
name = "httpx"
version = "0.13.3"
requires_python = ">=3.6"
summary = "The next generation HTTP client."
dependencies = [
    "certifi",
    "chardet==3.*",
    "hstspreload",
    "httpcore==0.9.*",
    "idna==2.*",
    "rfc3986<2,>=1.3",
    "sniffio",
]

[[package]]
name = "hyperframe"
version = "5.2.0"
summary = "HTTP/2 framing layer for Python"

[[package]]
name = "idna"
version = "2.10"
requires_python = ">=2.7, !=3.0.*, !=3.1.*, !=3.2.*, !=3.3.*"
summary = "Internationalized Domain Names in Applications (IDNA)"

[[package]]
name = "mypy-extensions"
version = "0.4.3"
summary = "Experimental type system extensions for programs checked with the mypy typechecker."

[[package]]
name = "pathspec"
version = "0.10.3"
requires_python = ">=3.7"
summary = "Utility library for gitignore style pattern matching of file paths."

[[package]]
name = "platformdirs"
version = "2.6.2"
requires_python = ">=3.7"
summary = "A small Python package for determining appropriate platform-specific dirs, e.g. a \"user data dir\"."

[[package]]
name = "pyaudio"
version = "0.2.13"
summary = "Cross-platform audio I/O with PortAudio"

[[package]]
name = "pygame"
version = "2.1.2"
requires_python = ">=3.6"
summary = "Python Game Development"

[[package]]
name = "requests"
version = "2.28.1"
requires_python = ">=3.7, <4"
summary = "Python HTTP for Humans."
dependencies = [
    "certifi>=2017.4.17",
    "charset-normalizer<3,>=2",
    "idna<4,>=2.5",
    "urllib3<1.27,>=1.21.1",
]

[[package]]
name = "rfc3986"
version = "1.5.0"
summary = "Validating URI References per RFC 3986"

[[package]]
name = "six"
version = "1.16.0"
requires_python = ">=2.7, !=3.0.*, !=3.1.*, !=3.2.*"
summary = "Python 2 and 3 compatibility utilities"

[[package]]
name = "sniffio"
version = "1.3.0"
requires_python = ">=3.7"
summary = "Sniff out which async library your code is running under"

[[package]]
name = "speechrecognition"
version = "3.9.0"
summary = "Library for performing speech recognition, with support for several engines and APIs, online and offline."
dependencies = [
    "requests>=2.26.0",
]

[[package]]
name = "tomli"
version = "2.0.1"
requires_python = ">=3.7"
summary = "A lil' TOML parser"

[[package]]
name = "typing-extensions"
version = "4.4.0"
requires_python = ">=3.7"
summary = "Backported and Experimental Type Hints for Python 3.7+"

[[package]]
name = "urllib3"
version = "1.26.13"
requires_python = ">=2.7, !=3.0.*, !=3.1.*, !=3.2.*, !=3.3.*, !=3.4.*, !=3.5.*"
summary = "HTTP library with thread-safe connection pooling, file post, and more."

[metadata]
lock_version = "4.1"
content_hash = "sha256:0178f8d456b68acdea1811b6a5203c7b262dc8f369adee6e286545db10efd4d7"

[metadata.files]
"black 22.12.0" = [
    {url = "https://files.pythonhosted.org/packages/0c/51/1f7f93c0555eaf4cbb628e26ba026e3256174a45bd9397ff1ea7cf96bad5/black-22.12.0-py3-none-any.whl", hash = "sha256:436cc9167dd28040ad90d3b404aec22cedf24a6e4d7de221bec2730ec0c97bcf"},
    {url = "https://files.pythonhosted.org/packages/4c/49/420dcfccba3215dc4e5790fa47572ef14129df1c5e95dd87b5ad30211b01/black-22.12.0-cp311-cp311-win_amd64.whl", hash = "sha256:7412e75863aa5c5411886804678b7d083c7c28421210180d67dfd8cf1221e1f4"},
    {url = "https://files.pythonhosted.org/packages/4c/dd/cdb4e62a58e229ee757110a9dfb914a44e9d41be8becb41e085cb5df5d5b/black-22.12.0-cp38-cp38-win_amd64.whl", hash = "sha256:82d9fe8fee3401e02e79767016b4907820a7dc28d70d137eb397b92ef3cc5bfc"},
    {url = "https://files.pythonhosted.org/packages/54/44/6d5f9af3c14da013754021e28eacc873e6ecbe877b2540e37346579398c8/black-22.12.0-cp38-cp38-manylinux_2_17_x86_64.manylinux2014_x86_64.whl", hash = "sha256:77d86c9f3db9b1bf6761244bc0b3572a546f5fe37917a044e02f3166d5aafa7d"},
    {url = "https://files.pythonhosted.org/packages/71/57/975782465cc6b514f2c972421e29b933dfbb51d4a95948a4e0e94f36ea38/black-22.12.0-cp310-cp310-win_amd64.whl", hash = "sha256:159a46a4947f73387b4d83e87ea006dbb2337eab6c879620a3ba52699b1f4351"},
    {url = "https://files.pythonhosted.org/packages/79/d9/60852a6fc2f85374db20a9767dacfe50c2172eb8388f46018c8daf836995/black-22.12.0-cp310-cp310-manylinux_2_17_x86_64.manylinux2014_x86_64.whl", hash = "sha256:9eedd20838bd5d75b80c9f5487dbcb06836a43833a37846cf1d8c1cc01cef59d"},
    {url = "https://files.pythonhosted.org/packages/a6/59/e873cc6807fb62c11131e5258ca15577a3b7452abad08dc49286cf8245e8/black-22.12.0.tar.gz", hash = "sha256:229351e5a18ca30f447bf724d007f890f97e13af070bb6ad4c0a441cd7596a2f"},
    {url = "https://files.pythonhosted.org/packages/ba/32/954bcc56b2b3b4ef52a086e3c0bdbad88a38c9e739feb19dd2e6294cda42/black-22.12.0-cp39-cp39-manylinux_2_17_x86_64.manylinux2014_x86_64.whl", hash = "sha256:101c69b23df9b44247bd88e1d7e90154336ac4992502d4197bdac35dd7ee3320"},
    {url = "https://files.pythonhosted.org/packages/e9/e0/6aa02d14785c4039b38bfed6f9ee28a952b2d101c64fc97b15811fa8bd04/black-22.12.0-cp311-cp311-manylinux_2_17_x86_64.manylinux2014_x86_64.whl", hash = "sha256:d30b212bffeb1e252b31dd269dfae69dd17e06d92b87ad26e23890f3efea366f"},
    {url = "https://files.pythonhosted.org/packages/eb/91/e0ccc36f8e1a00ed3c343741ca7ffe954e33cd2be0cada039845ff9e0539/black-22.12.0-cp37-cp37m-win_amd64.whl", hash = "sha256:1f58cbe16dfe8c12b7434e50ff889fa479072096d79f0a7f25e4ab8e94cd8350"},
    {url = "https://files.pythonhosted.org/packages/f1/b7/6de002378cfe0b83beba72f0a7875dfb6005b2a214ac9f9ca689583069ef/black-22.12.0-cp37-cp37m-manylinux_2_17_x86_64.manylinux2014_x86_64.whl", hash = "sha256:c116eed0efb9ff870ded8b62fe9f28dd61ef6e9ddd28d83d7d264a38417dcee2"},
    {url = "https://files.pythonhosted.org/packages/f2/b9/06fe2dd83a2104d83c2b737f41aa5679f5a4395630005443ba4fa6fece8b/black-22.12.0-cp39-cp39-win_amd64.whl", hash = "sha256:559c7a1ba9a006226f09e4916060982fd27334ae1998e7a38b3f33a37f7a2148"},
]
"certifi 2022.12.7" = [
    {url = "https://files.pythonhosted.org/packages/37/f7/2b1b0ec44fdc30a3d31dfebe52226be9ddc40cd6c0f34ffc8923ba423b69/certifi-2022.12.7.tar.gz", hash = "sha256:35824b4c3a97115964b408844d64aa14db1cc518f6562e8d7261699d1350a9e3"},
    {url = "https://files.pythonhosted.org/packages/71/4c/3db2b8021bd6f2f0ceb0e088d6b2d49147671f25832fb17970e9b583d742/certifi-2022.12.7-py3-none-any.whl", hash = "sha256:4ad3232f5e926d6718ec31cfc1fcadfde020920e278684144551c91769c7bc18"},
]
"chardet 3.0.4" = [
    {url = "https://files.pythonhosted.org/packages/bc/a9/01ffebfb562e4274b6487b4bb1ddec7ca55ec7510b22e4c51f14098443b8/chardet-3.0.4-py2.py3-none-any.whl", hash = "sha256:fc323ffcaeaed0e0a02bf4d117757b98aed530d9ed4531e3e15460124c106691"},
    {url = "https://files.pythonhosted.org/packages/fc/bb/a5768c230f9ddb03acc9ef3f0d4a3cf93462473795d18e9535498c8f929d/chardet-3.0.4.tar.gz", hash = "sha256:84ab92ed1c4d4f16916e05906b6b75a6c0fb5db821cc65e70cbd64a3e2a5eaae"},
]
"charset-normalizer 2.1.1" = [
    {url = "https://files.pythonhosted.org/packages/a1/34/44964211e5410b051e4b8d2869c470ae8a68ae274953b1c7de6d98bbcf94/charset-normalizer-2.1.1.tar.gz", hash = "sha256:5a3d016c7c547f69d6f81fb0db9449ce888b418b5b9952cc5e6e66843e9dd845"},
    {url = "https://files.pythonhosted.org/packages/db/51/a507c856293ab05cdc1db77ff4bc1268ddd39f29e7dc4919aa497f0adbec/charset_normalizer-2.1.1-py3-none-any.whl", hash = "sha256:83e9a75d1911279afd89352c68b45348559d1fc0506b054b346651b5e7fee29f"},
]
"click 8.1.3" = [
    {url = "https://files.pythonhosted.org/packages/59/87/84326af34517fca8c58418d148f2403df25303e02736832403587318e9e8/click-8.1.3.tar.gz", hash = "sha256:7682dc8afb30297001674575ea00d1814d808d6a36af415a82bd481d37ba7b8e"},
    {url = "https://files.pythonhosted.org/packages/c2/f1/df59e28c642d583f7dacffb1e0965d0e00b218e0186d7858ac5233dce840/click-8.1.3-py3-none-any.whl", hash = "sha256:bb4d8133cb15a609f44e8213d9b391b0809795062913b383c62be0ee95b1db48"},
]
"colorama 0.4.6" = [
    {url = "https://files.pythonhosted.org/packages/d1/d6/3965ed04c63042e047cb6a3e6ed1a63a35087b6a609aa3a15ed8ac56c221/colorama-0.4.6-py2.py3-none-any.whl", hash = "sha256:4f1d9991f5acc0ca119f9d443620b77f9d6b33703e51011c16baf57afb285fc6"},
    {url = "https://files.pythonhosted.org/packages/d8/53/6f443c9a4a8358a93a6792e2acffb9d9d5cb0a5cfd8802644b7b1c9a02e4/colorama-0.4.6.tar.gz", hash = "sha256:08695f5cb7ed6e0531a20572697297273c47b8cae5a63ffc6d6ed5c201be6e44"},
]
"googletrans 3.0.0" = [
    {url = "https://files.pythonhosted.org/packages/71/3a/3b19effdd4c03958b90f40fe01c93de6d5280e03843cc5adf6956bfc9512/googletrans-3.0.0.tar.gz", hash = "sha256:44caeea42d91ff6ead5c2d49db2b88de66c45c2fe874c8ec03eb9b4ceb3a533d"},
]
"gtts 2.3.0" = [
    {url = "https://files.pythonhosted.org/packages/c6/87/6da902451ed0d2b00a742e5d7b24daeb5165bb528c838f72085ccf549299/gTTS-2.3.0-py3-none-any.whl", hash = "sha256:cb435f6c357b41ca7b6ea5d7278fdb5fc9486cae5c0b9ba7ffaa07ab8f7b4cbf"},
    {url = "https://files.pythonhosted.org/packages/d5/ee/bf48ab9fe9e54dfb5941c3e03d493d1a28a91c51e7c4fb2d61520bfc685f/gTTS-2.3.0.tar.gz", hash = "sha256:bccebcae57e96eb629da1bb6d4c7a870d47af5f083a8faf1827cd3fe735ed620"},
]
"h11 0.9.0" = [
    {url = "https://files.pythonhosted.org/packages/34/5a/abaa557d20b210117d8c3e6b0b817ce9b329b2e81f87612e60102a924323/h11-0.9.0.tar.gz", hash = "sha256:33d4bca7be0fa039f4e84d50ab00531047e53d6ee8ffbc83501ea602c169cae1"},
    {url = "https://files.pythonhosted.org/packages/5a/fd/3dad730b0f95e78aeeb742f96fa7bbecbdd56a58e405d3da440d5bfb90c6/h11-0.9.0-py2.py3-none-any.whl", hash = "sha256:4bc6d6a1238b7615b266ada57e0618568066f57dd6fa967d1290ec9309b2f2f1"},
]
"h2 3.2.0" = [
    {url = "https://files.pythonhosted.org/packages/08/0a/033df0fc05fe94f72517ccd393dd9ff99b1773fd198307638e6d3568a518/h2-3.2.0.tar.gz", hash = "sha256:875f41ebd6f2c44781259005b157faed1a5031df3ae5aa7bcb4628a6c0782f14"},
    {url = "https://files.pythonhosted.org/packages/25/de/da019bcc539eeab02f6d45836f23858ac467f584bfec7a526ef200242afe/h2-3.2.0-py2.py3-none-any.whl", hash = "sha256:61e0f6601fa709f35cdb730863b4e5ec7ad449792add80d1410d4174ed139af5"},
]
"hpack 3.0.0" = [
    {url = "https://files.pythonhosted.org/packages/44/f1/b4440e46e265a29c0cb7b09b6daec6edf93c79eae713cfed93fbbf8716c5/hpack-3.0.0.tar.gz", hash = "sha256:8eec9c1f4bfae3408a3f30500261f7e6a65912dc138526ea054f9ad98892e9d2"},
    {url = "https://files.pythonhosted.org/packages/8a/cc/e53517f4a1e13f74776ca93271caef378dadec14d71c61c949d759d3db69/hpack-3.0.0-py2.py3-none-any.whl", hash = "sha256:0edd79eda27a53ba5be2dfabf3b15780928a0dff6eb0c60a3d6767720e970c89"},
]
"hstspreload 2022.12.1" = [
    {url = "https://files.pythonhosted.org/packages/9c/b7/8f8eee4d7d470e6346c28b8377ed5eae4c293f9db62cd227233c189344b1/hstspreload-2022.12.1.tar.gz", hash = "sha256:b2df7b64666b711a670894708c31558f84be9fd8da5e2d4cc40927faaf55792a"},
    {url = "https://files.pythonhosted.org/packages/e6/7d/682a9c45a946cd390234b67dcd7d4aaca108c00638510b47620a6fad50ac/hstspreload-2022.12.1-py3-none-any.whl", hash = "sha256:a5af19757616bd31c5f6772e3ae0826c67cca35580d0c3243c15824aa2756073"},
]
"httpcore 0.9.1" = [
    {url = "https://files.pythonhosted.org/packages/a5/62/fec975b06a6c5fdfcfde8231f3464b9a23dd528cd53b859daf225c6845a6/httpcore-0.9.1.tar.gz", hash = "sha256:ecc5949310d9dae4de64648a4ce529f86df1f232ce23dcfefe737c24d21dfbe9"},
    {url = "https://files.pythonhosted.org/packages/dd/d5/e4ff9318693ac6101a2095e580908b591838c6f33df8d3ee8dd953ba96a8/httpcore-0.9.1-py3-none-any.whl", hash = "sha256:9850fe97a166a794d7e920590d5ec49a05488884c9fc8b5dba8561effab0c2a0"},
]
"httpx 0.13.3" = [
    {url = "https://files.pythonhosted.org/packages/54/b4/698b284c6aed4d7c2b4fe3ba5df1fcf6093612423797e76fbb24890dd22f/httpx-0.13.3-py3-none-any.whl", hash = "sha256:32d930858eab677bc29a742aaa4f096de259f1c78c68a90ad11f5c3c04f08335"},
    {url = "https://files.pythonhosted.org/packages/6b/d8/1f7ccaac5b9b2bd054a531b8f008f658c2a7fc00b19676321735d797d4b7/httpx-0.13.3.tar.gz", hash = "sha256:3642bd13e90b80ba8a243a730275eb10a4c26ec96f5fc16b87e458d4ab21efae"},
]
"hyperframe 5.2.0" = [
    {url = "https://files.pythonhosted.org/packages/19/0c/bf88182bcb5dce3094e2f3e4fe20db28a9928cb7bd5b08024030e4b140db/hyperframe-5.2.0-py2.py3-none-any.whl", hash = "sha256:5187962cb16dcc078f23cb5a4b110098d546c3f41ff2d4038a9896893bbd0b40"},
    {url = "https://files.pythonhosted.org/packages/e6/7f/9a4834af1010dc1d570d5f394dfd9323a7d7ada7d25586bd299fc4cb0356/hyperframe-5.2.0.tar.gz", hash = "sha256:a9f5c17f2cc3c719b917c4f33ed1c61bd1f8dfac4b1bd23b7c80b3400971b41f"},
]
"idna 2.10" = [
    {url = "https://files.pythonhosted.org/packages/a2/38/928ddce2273eaa564f6f50de919327bf3a00f091b5baba8dfa9460f3a8a8/idna-2.10-py2.py3-none-any.whl", hash = "sha256:b97d804b1e9b523befed77c48dacec60e6dcb0b5391d57af6a65a312a90648c0"},
    {url = "https://files.pythonhosted.org/packages/ea/b7/e0e3c1c467636186c39925827be42f16fee389dc404ac29e930e9136be70/idna-2.10.tar.gz", hash = "sha256:b307872f855b18632ce0c21c5e45be78c0ea7ae4c15c828c20788b26921eb3f6"},
]
"mypy-extensions 0.4.3" = [
    {url = "https://files.pythonhosted.org/packages/5c/eb/975c7c080f3223a5cdaff09612f3a5221e4ba534f7039db34c35d95fa6a5/mypy_extensions-0.4.3-py2.py3-none-any.whl", hash = "sha256:090fedd75945a69ae91ce1303b5824f428daf5a028d2f6ab8a299250a846f15d"},
    {url = "https://files.pythonhosted.org/packages/63/60/0582ce2eaced55f65a4406fc97beba256de4b7a95a0034c6576458c6519f/mypy_extensions-0.4.3.tar.gz", hash = "sha256:2d82818f5bb3e369420cb3c4060a7970edba416647068eb4c5343488a6c604a8"},
]
"pathspec 0.10.3" = [
    {url = "https://files.pythonhosted.org/packages/32/1a/6baf904503c3e943cae9605c9c88a43b964dea5b59785cf956091b341b08/pathspec-0.10.3.tar.gz", hash = "sha256:56200de4077d9d0791465aa9095a01d421861e405b5096955051deefd697d6f6"},
    {url = "https://files.pythonhosted.org/packages/3c/29/c07c3a976dbe37c56e381e058c11e8738cb3a0416fc842a310461f8bb695/pathspec-0.10.3-py3-none-any.whl", hash = "sha256:3c95343af8b756205e2aba76e843ba9520a24dd84f68c22b9f93251507509dd6"},
]
"platformdirs 2.6.2" = [
    {url = "https://files.pythonhosted.org/packages/c1/c7/9be9d651b93efce682b45142a6267034fc4215972780748618c02e236361/platformdirs-2.6.2-py3-none-any.whl", hash = "sha256:83c8f6d04389165de7c9b6f0c682439697887bca0aa2f1c87ef1826be3584490"},
    {url = "https://files.pythonhosted.org/packages/cf/4d/198b7e6c6c2b152f4f9f4cdf975d3590e33e63f1920f2d89af7f0390e6db/platformdirs-2.6.2.tar.gz", hash = "sha256:e1fea1fe471b9ff8332e229df3cb7de4f53eeea4998d3b6bfff542115e998bd2"},
]
"pyaudio 0.2.13" = [
    {url = "https://files.pythonhosted.org/packages/0f/cc/ef623f03687d42fbf32c2369227ac48b3a2bed17b340a72a2368dad36e45/PyAudio-0.2.13-cp37-cp37m-win32.whl", hash = "sha256:d294e3f85b2238649b1ff49ce3412459a8a312569975a89d14646536362d7576"},
    {url = "https://files.pythonhosted.org/packages/17/ce/2c4052f0967e11b6bc98d72d5c57da8d7e46039b56559e9af47cd3b6d3d0/PyAudio-0.2.13-cp38-cp38-win_amd64.whl", hash = "sha256:1505d766ee718df6f5a18b73ac42307ba1cb4d2c0397873159254a34f67515d6"},
    {url = "https://files.pythonhosted.org/packages/1c/90/9e1ea53afc698d456a4110a34d51f83fc226ed9c7125e3144a6b5d0cb5c7/PyAudio-0.2.13-cp39-cp39-win_amd64.whl", hash = "sha256:910ef09225cce227adbba92622d4a3e3c8375117f7dd64039f287d9ffc0e02a1"},
    {url = "https://files.pythonhosted.org/packages/3a/cc/bddb7703107a4a65d7d582883cfc4949cdc24231b975b95902a9fa0a632f/PyAudio-0.2.13-cp39-cp39-win32.whl", hash = "sha256:eb128e4a6ea9b98d9a31f33c44978885af27dbe8ae53d665f8790cbfe045517e"},
    {url = "https://files.pythonhosted.org/packages/67/74/5854fce7276f420c6d232375b1fc07eed17a739426a30992ff4eab6c9c74/PyAudio-0.2.13-cp311-cp311-win32.whl", hash = "sha256:13915faaa780e6bbbb6d745ef0e761674fd461b1b1b3f9c1f57042a534bfc0c3"},
    {url = "https://files.pythonhosted.org/packages/7b/9d/2294ac60a113d57e0795b47175258978e4cb9dfbbb86d8efb0ddb755613b/PyAudio-0.2.13-cp37-cp37m-win_amd64.whl", hash = "sha256:ff7f5e44ef51fe61da1e09c6f632f0b5808198edd61b363855cc7dd03bf4a8ac"},
    {url = "https://files.pythonhosted.org/packages/7f/49/54757c393718c109479e6dd2b4c9373d017c9c5714827b1e3d138ccbb144/PyAudio-0.2.13-cp38-cp38-win32.whl", hash = "sha256:c6b302b048c054b7463936d8ba884b73877dc47012f3c94665dba92dd658ae04"},
    {url = "https://files.pythonhosted.org/packages/91/a0/f439da954d78a987298cb8d1ca1b141c53b1d1d1c7a50e17198ed061b9ac/PyAudio-0.2.13.tar.gz", hash = "sha256:26bccc81e4243d1c0ff5487e6b481de6329fcd65c79365c267cef38f363a2b56"},
    {url = "https://files.pythonhosted.org/packages/bf/d1/6369e239d579c28bd50aa8ac2c0b918812c92f4c95c718d31cb954dde5f7/PyAudio-0.2.13-cp310-cp310-win_amd64.whl", hash = "sha256:87137cfd0ef8608a2a383be3f6996f59505e322dab9d16531f14cf542fa294f1"},
    {url = "https://files.pythonhosted.org/packages/c7/18/9a8d92578d704448be2d5a29ca8c164b459adb751883931be563c590717c/PyAudio-0.2.13-cp310-cp310-win32.whl", hash = "sha256:48e29537ea22ae2ae323eebe297bfb2683831cee4f20d96964e131f65ab2161d"},
    {url = "https://files.pythonhosted.org/packages/f1/9d/a355e572556ea1b41d76514323360c13774820d094c674cf51f37aee6cbe/PyAudio-0.2.13-cp311-cp311-win_amd64.whl", hash = "sha256:59cc3cc5211b729c7854e3989058a145872cc58b1a7b46c6d4d88448a343d890"},
]
"pygame 2.1.2" = [
    {url = "https://files.pythonhosted.org/packages/08/9d/b18d0019e92ce4146026234beaeec13545b881fd5e7da6b7e3d8a50c34d9/pygame-2.1.2-cp38-cp38-manylinux_2_12_x86_64.manylinux2010_x86_64.whl", hash = "sha256:1219a963941bd53aa754e8449364c142004fe706c33a9c22ff2a76521a82d078"},
    {url = "https://files.pythonhosted.org/packages/15/35/ccae084a84e1b93482568afc4483b77bd982b3af5ebd510971a4b8264332/pygame-2.1.2-cp36-cp36m-win32.whl", hash = "sha256:50d9a21edd551669862c27c9272747401b20b1939abaacb842c08ea1cdd1c04d"},
    {url = "https://files.pythonhosted.org/packages/15/e7/85cf21ae1797f333c0d2e4f402976a0736b79b150e223daf6a9da168676a/pygame-2.1.2-pp37-pypy37_pp73-manylinux_2_17_i686.manylinux2014_i686.whl", hash = "sha256:7fdb93b4282962c9a2ebf1af994ee698be823dd913218ed97a5f2fb372b10b66"},
    {url = "https://files.pythonhosted.org/packages/1a/fd/9dc844f67546fde3653799b6bb5072ea424d1976c41ad641d8839766a800/pygame-2.1.2-cp36-cp36m-manylinux_2_12_x86_64.manylinux2010_x86_64.whl", hash = "sha256:e7a8e18677e0064b7a422f6653a622652d932826a27e50f279d55a8b122a1a83"},
    {url = "https://files.pythonhosted.org/packages/1d/14/1a2b58897c2a70a8ae74e031791cf55fd545b110e1be84268fd743aa9670/pygame-2.1.2-cp310-cp310-manylinux_2_12_i686.manylinux2010_i686.whl", hash = "sha256:a0ccf8e3dce7ca67d523a6020b7e3dbf4b26797a9a8db5cc4c7b5ef20fb64701"},
    {url = "https://files.pythonhosted.org/packages/20/5e/78fb214bf1d10656cad0dec838a8778213e6e4decbe732b72705caabfa86/pygame-2.1.2-cp310-cp310-manylinux_2_17_aarch64.manylinux2014_aarch64.whl", hash = "sha256:db2f40d5a75fd9cdda473c58b0d8b294da6e0179f00bb3b1fc2f7f29cac09bea"},
    {url = "https://files.pythonhosted.org/packages/25/ca/a119794d139fde6fd5e728301844adfd8771535647268337fcb27e568b39/pygame-2.1.2-cp39-cp39-macosx_11_0_arm64.whl", hash = "sha256:dad6bf3fdd3752d7519422f3732be779b98fe7c87d32c3efe2fdffdcbeebb6ca"},
    {url = "https://files.pythonhosted.org/packages/28/3a/083ba63961253490d6b48ac8b717411b8717c68a90d3eaf3d0b1ff6f1702/pygame-2.1.2-cp38-cp38-manylinux_2_5_x86_64.manylinux1_x86_64.whl", hash = "sha256:ea36f4f93524554a35cac2359df63b50af6556ed866830aa1f07f0d8580280ea"},
    {url = "https://files.pythonhosted.org/packages/2c/36/436f444bc2fdb5f582c29f5e4de12bb04457e3f59193d0e8a90d91f61871/pygame-2.1.2-cp37-cp37m-manylinux_2_12_i686.manylinux2010_i686.whl", hash = "sha256:3c8d6637ff75351e581327efefa9d04eeb0f257b533392b6cc6b15ceca4f7c5e"},
    {url = "https://files.pythonhosted.org/packages/32/ce/c40213f819148f7afaa39102fb68be5037fe0fc88e45d8fc5aa8bac64492/pygame-2.1.2-cp37-cp37m-manylinux_2_17_x86_64.manylinux2014_x86_64.whl", hash = "sha256:a56a811d8821f7b9a594e3d0e0dd8bd39b25e3eea8963d5963263b90fd2ea5c2"},
    {url = "https://files.pythonhosted.org/packages/33/63/3358b79ac62cc67e4051add2f3da13f15c92050c7acc1b73538b7bf32d95/pygame-2.1.2-cp310-cp310-win_amd64.whl", hash = "sha256:9649419254d3282dae41f23837de4108b17bc62187c3acd8af2ae3801b765cbd"},
    {url = "https://files.pythonhosted.org/packages/3c/71/5a3881f927a2b3905956a6664320580b70ebfac82acab2dfa7a7f8df5de1/pygame-2.1.2-cp37-cp37m-win_amd64.whl", hash = "sha256:93c4cbfc942dd00410eaa9e84252129f9f9993f37f683006d7b49ab245342254"},
    {url = "https://files.pythonhosted.org/packages/3c/8d/57f72faaea56d0d6538c56728909029811671c7f71998eabc6181af8ef83/pygame-2.1.2-cp39-cp39-manylinux_2_12_i686.manylinux2010_i686.whl", hash = "sha256:119dee20c372c85dc47b717119534d15a60c64ceab8b0eb09278866d10486afe"},
    {url = "https://files.pythonhosted.org/packages/3f/af/820341a929ac42dea6804ef7898bddc0b085dda7f483b17674d855c7fead/pygame-2.1.2-cp36-cp36m-manylinux_2_17_x86_64.manylinux2014_x86_64.whl", hash = "sha256:c9ce7f3d8af14d7e04eb7eb41c5e5313c43508c252bb2b9eb53e51fc87ada9fd"},
    {url = "https://files.pythonhosted.org/packages/40/06/3d6db91834439422965351d358aed526d27fb772b8675cb44f8c9f7b8fc9/pygame-2.1.2-cp39-cp39-win32.whl", hash = "sha256:5e88b0d4338b94960686f59396f23f7f684fed4859fcc3b9f40286d72c1c61af"},
    {url = "https://files.pythonhosted.org/packages/42/8a/a8c6d99971f57111d6a0e6200c310fcfbda56c94aa86b53e6c586dd267ca/pygame-2.1.2-cp38-cp38-win_amd64.whl", hash = "sha256:9d7b021b8dde5d528363e474bc18bd6f79a9666eef89fb4859bcb8f0a536c9de"},
    {url = "https://files.pythonhosted.org/packages/44/6c/b7312af9df6461ec1715c690e780034ea82c19951f83d8530dfb95f10563/pygame-2.1.2-cp39-cp39-manylinux_2_17_i686.manylinux2014_i686.whl", hash = "sha256:6ecda8dd4583982bb65f9c682f244a5e94524dcf628379766227e9ed97201a49"},
    {url = "https://files.pythonhosted.org/packages/47/e2/338b2645c39c888ea58101064e688bd9ac6af5590e887c2dd8b7ca54a02a/pygame-2.1.2-cp37-cp37m-manylinux_2_12_x86_64.manylinux2010_x86_64.whl", hash = "sha256:5ebbefb8b576572c8fc97a3321d37dc2b4afea6b6e3877a67f7158d8c2c4cefe"},
    {url = "https://files.pythonhosted.org/packages/4c/0d/23f786eb611652b0125fcf334a0c21324922a756e6d954c50ecddfc8d4bb/pygame-2.1.2-cp36-cp36m-win_amd64.whl", hash = "sha256:e18c9466131378421d00fc40b637425229238d506a073d9c537b230b355a25d6"},
    {url = "https://files.pythonhosted.org/packages/56/56/0f26c8f73306f68dcc6577d58af04e3014b756aaf2effb9e73e7930707c5/pygame-2.1.2-cp310-cp310-manylinux_2_17_x86_64.manylinux2014_x86_64.whl", hash = "sha256:754c2906f2ef47173a14493e1de116b2a56a2c8e1764f1202ba844d080248a5b"},
    {url = "https://files.pythonhosted.org/packages/59/73/c15a7f805e1c0a453c1d0670dd7581ce96129e14585830278de93d07c5b3/pygame-2.1.2-cp36-cp36m-manylinux_2_5_i686.manylinux1_i686.whl", hash = "sha256:e09044e9e1aa8512d6a9c7ce5f94b881824bcfc401105f3c24f546dfc3bb4aa5"},
    {url = "https://files.pythonhosted.org/packages/59/b2/68e2b70d52453dc42a4ad8197cebefd3a26555f9280de6a692cfdeb7d284/pygame-2.1.2-cp310-cp310-manylinux_2_12_x86_64.manylinux2010_x86_64.whl", hash = "sha256:7889dce887ec83c9a0bef8d9eb3669d8863fdaf37c45bacec707d8ad90b24a38"},
    {url = "https://files.pythonhosted.org/packages/5e/f6/38e76872423c95fa46b250fe300e216b62595d748598fea77ac5c02d0540/pygame-2.1.2-cp38-cp38-manylinux_2_17_i686.manylinux2014_i686.whl", hash = "sha256:24254c4244f0d9bdc904f5d3f38e86757ca4c6aa0e44a6d55ef5e016bc7274d6"},
    {url = "https://files.pythonhosted.org/packages/60/7b/abc7c113968ccf34141592e3f6552baff35c30e2d5ca3920fc55115fb2fc/pygame-2.1.2-cp38-cp38-macosx_11_0_arm64.whl", hash = "sha256:e8632f6b2ddb90f6f3950744bd65d5ef15af615e3034057fa30ff836f48a7179"},
    {url = "https://files.pythonhosted.org/packages/65/b0/96dd7c82b7db2869b6e2fc1aa69906016b95e09957a648b41fa7e1d0dcd3/pygame-2.1.2-cp39-cp39-manylinux_2_12_x86_64.manylinux2010_x86_64.whl", hash = "sha256:fc2e5db54491e8f27785fc5204c96f540d3557dcf5b0a9a857b6594d6b32561b"},
    {url = "https://files.pythonhosted.org/packages/6b/53/354f4782496c4716d54ba1f54003a8e3643a161d44f0ed81a02f52c8b85e/pygame-2.1.2-pp37-pypy37_pp73-macosx_10_9_x86_64.whl", hash = "sha256:ff961c3280d6ee5f4163f4772f963d7a4dbe42e36c6dd54b79ad436c1f046e5d"},
    {url = "https://files.pythonhosted.org/packages/77/2f/56e5b2dfea6ee1d0120885e9c3bf4df710c263f406217e7826f65a5d7c55/pygame-2.1.2-cp39-cp39-manylinux_2_5_x86_64.manylinux1_x86_64.whl", hash = "sha256:0427c103f741234336e5606d2fad86f5403c1a3d1dc55c309fbff3c984f0c9ae"},
    {url = "https://files.pythonhosted.org/packages/79/ca/16120612af4bb9514b0221281448214a8b7989d44db243c90b088871c5ec/pygame-2.1.2-cp310-cp310-manylinux_2_17_i686.manylinux2014_i686.whl", hash = "sha256:e4b4cd440d50a9f8551b8989e856aab175593af07eb825cad22fd2f8f6f2ffce"},
    {url = "https://files.pythonhosted.org/packages/87/f0/90ef01eda2ceefc61bdfcbe0123ad6f5e3f2ddb64d31644bb878dcbb2a4a/pygame-2.1.2-pp37-pypy37_pp73-manylinux_2_12_i686.manylinux2010_i686.whl", hash = "sha256:fc30e834f65b893d1b4c230070183bf98e6b70c41c1511687e8436a33d5ce49d"},
    {url = "https://files.pythonhosted.org/packages/94/17/06d31e15c52850f8fa92654dd69641144f9e86cc0628bce6eb5715404366/pygame-2.1.2-pp36-pypy36_pp73-win32.whl", hash = "sha256:636f51f56615d67459b11918206bb4da30cd7d7042027bf997c218ccd6c77902"},
    {url = "https://files.pythonhosted.org/packages/99/f1/ca2b6ae5dc15975b4dff8cb8f47c7f9ff43c8b76e51f192711e517836290/pygame-2.1.2-cp36-cp36m-manylinux_2_5_x86_64.manylinux1_x86_64.whl", hash = "sha256:40e4d8d65985bb467d9c5a1305fb53fd6820c61d764979600becab973339676f"},
    {url = "https://files.pythonhosted.org/packages/9a/50/67767e5586a45e7e7b02e6f0e07853f8fcb81b54c66db6278f1a1344491f/pygame-2.1.2.tar.gz", hash = "sha256:d6d0eca28f886f0477cd0721ac688189155a587f2bb8eae740e52ca56c3ad23c"},
    {url = "https://files.pythonhosted.org/packages/9d/1b/d54073eca3e40c67845128858846bac95770024c559fc3b910c06b850c00/pygame-2.1.2-cp36-cp36m-macosx_10_9_x86_64.whl", hash = "sha256:dcc285ee1f1d0e2672cc52f880fd3f564b1505de710e817f692fbf64a72ca657"},
    {url = "https://files.pythonhosted.org/packages/a3/7e/5e88a7d9560ac0b438c9c3abb5564c426ab299eea94727b38e19dd06fd9f/pygame-2.1.2-cp38-cp38-manylinux_2_12_i686.manylinux2010_i686.whl", hash = "sha256:ca5ef1315fa67c241a657ab077be44f230c05740c95f0b46409457dceefdc7e5"},
    {url = "https://files.pythonhosted.org/packages/a5/3c/bfe802949ce0156678db84de0f8a6f29a23562d8abb430a4d1622114dde4/pygame-2.1.2-cp38-cp38-manylinux_2_17_x86_64.manylinux2014_x86_64.whl", hash = "sha256:97a74ba186deee68318a52637012ef6abf5be6282c659e1d1ba6ad08cf35ec85"},
    {url = "https://files.pythonhosted.org/packages/a6/85/14749df9aae13d62923f1b005560151509960e36ee69caf4021abb9a254d/pygame-2.1.2-cp38-cp38-macosx_10_9_x86_64.whl", hash = "sha256:2405414d8c572668e04739875661e030a0c588e197fa95463fe301c3d0a0510b"},
    {url = "https://files.pythonhosted.org/packages/b3/8b/387c9d91a210102abc47adc50d63614734f9f50d82c24685144fe9a6f989/pygame-2.1.2-cp37-cp37m-macosx_10_9_x86_64.whl", hash = "sha256:07ca9f683075aea9bd977af9f09a720ebf747343d3ea8103e4f1735283b02330"},
    {url = "https://files.pythonhosted.org/packages/c4/07/a4ab7a1bdf090fad2f3a81b08c39c9c729ccab30ea82545a93e140ed9040/pygame-2.1.2-cp36-cp36m-manylinux_2_12_i686.manylinux2010_i686.whl", hash = "sha256:e1bb25986db77a48f632469c6bc61baf7508ce945aa6161c02180d4ee5ac5b8d"},
    {url = "https://files.pythonhosted.org/packages/c8/6a/93d43e82143571120d839a10c33d3caacf855f9b1e93e43cc34bc3368ab8/pygame-2.1.2-cp310-cp310-macosx_11_0_arm64.whl", hash = "sha256:dc4444d61d48c5546df5137cdf81554887ddb6e2ef1be7f51eb77ea3b6bdd56f"},
    {url = "https://files.pythonhosted.org/packages/cc/18/2c7ba52b97d773c9fc6d40c8733432b243cee9b9bc639404dfa8fe391217/pygame-2.1.2-cp37-cp37m-win32.whl", hash = "sha256:20676da24e3e3e6b9fc4eecc7ba09d77ef46c3a83a028763ba1d222476c2e3fb"},
    {url = "https://files.pythonhosted.org/packages/cd/cd/2993edf1ad508de949e11f75ea591e86f301e50d89604e54efb039429032/pygame-2.1.2-cp37-cp37m-manylinux_2_17_aarch64.manylinux2014_aarch64.whl", hash = "sha256:9d6452419e01a0f848aed0597f69fd10a4c2a7750c15d1b0607f86090a39dcf3"},
    {url = "https://files.pythonhosted.org/packages/d0/af/e49558f188b90b6522945e117f60232886648aaa0448031d57deb0dc4676/pygame-2.1.2-cp36-cp36m-manylinux_2_17_i686.manylinux2014_i686.whl", hash = "sha256:fcc9586e17875c0cdf8764597955f9daa979098fd4f80be07ed68276ac225480"},
    {url = "https://files.pythonhosted.org/packages/db/26/97acecde2228aac7ec254bb4075a3bde97fc5d8742f28104bd1f97a503ef/pygame-2.1.2-cp39-cp39-manylinux_2_17_aarch64.manylinux2014_aarch64.whl", hash = "sha256:d2d3c50ee9847b743db6cd7b1bb17a94c2c2abc16679d70f5e745cabdf19e655"},
    {url = "https://files.pythonhosted.org/packages/db/66/24bab23d7a823208c849c48c8a4149b1412483bf7d8527d9bc9552357f50/pygame-2.1.2-cp310-cp310-win32.whl", hash = "sha256:c99b95e62cdda29c2e60235d7763447c168a6a877403e6f9ca5b2e2bb297c2ce"},
    {url = "https://files.pythonhosted.org/packages/db/d5/1fb7bddcdf455a6c55361f9aa9a2ae827bfb013ff9318e3b5093d811c0cd/pygame-2.1.2-pp37-pypy37_pp73-manylinux_2_17_x86_64.manylinux2014_x86_64.whl", hash = "sha256:1fddec8829e96424800c806582d73a5173b7d48946cccf7d035839ca09850db8"},
    {url = "https://files.pythonhosted.org/packages/db/f2/27aa8193b7b99afc0247564c97e85d149308bff284e17a6345a5f0347c67/pygame-2.1.2-cp39-cp39-manylinux_2_5_i686.manylinux1_i686.whl", hash = "sha256:c5ea87da5fe4b6164c3854f3b0c9146811dbad0dd7fa74297683dfacc485ae1c"},
    {url = "https://files.pythonhosted.org/packages/dc/66/0e281ee9d6a7fe368728b57152c00178db288066cc8a12496a360f9278fb/pygame-2.1.2-cp38-cp38-manylinux_2_5_i686.manylinux1_i686.whl", hash = "sha256:0e97d38308c441942577fea7fcd1326308bc56d6be6c024218e94d075d322e0f"},
    {url = "https://files.pythonhosted.org/packages/dc/87/73e21e3f4dec57326903465dc7db131464b89130547e52d254b639736961/pygame-2.1.2-cp37-cp37m-manylinux_2_17_i686.manylinux2014_i686.whl", hash = "sha256:e627300a66a90651fb39e41601d447b1fdbbfffca3f08ef0278d6cc0436b2160"},
    {url = "https://files.pythonhosted.org/packages/e3/6e/897b1f77edad3ab8d60d6bb6400f958c2efea55895f78b6deed98a77aa63/pygame-2.1.2-cp37-cp37m-manylinux_2_5_i686.manylinux1_i686.whl", hash = "sha256:24b4f7f30fa2b3d092b60be6fcc725fb91d569fc87a9bcc91614ee8b0c005726"},
    {url = "https://files.pythonhosted.org/packages/e5/c6/13c4bacbfd5f846d3b8b5e8a1e03c7e3cc5a2468d634bd4881c32b025cfd/pygame-2.1.2-cp37-cp37m-manylinux_2_5_x86_64.manylinux1_x86_64.whl", hash = "sha256:8e87716114e97322fb177e223d889a4be369a0f73212f4f8507fe0cd43253b23"},
    {url = "https://files.pythonhosted.org/packages/e8/22/7598526fdf76c4715202a28855d72a8a867386a3552c7bc438956a3f4291/pygame-2.1.2-cp38-cp38-win32.whl", hash = "sha256:4aa3ae32320cc704d63e185864e44f6265c2a6e52c9384afe152cc3d51b3a2ef"},
    {url = "https://files.pythonhosted.org/packages/e8/87/1c9184aa476a1d851d217346e6833c3f374312fb3fabe8a335728261b772/pygame-2.1.2-cp36-cp36m-manylinux_2_17_aarch64.manylinux2014_aarch64.whl", hash = "sha256:dd528dbb91eca16f7522c975d0f9e94b95f6b5024c82c3247dc0383d242d33c6"},
    {url = "https://files.pythonhosted.org/packages/e9/11/3f8bfcfd5a6e69660e8b3002377d2b556c78d8d7c62174cd5d584ad3f232/pygame-2.1.2-cp39-cp39-win_amd64.whl", hash = "sha256:5d0c14152d0ca8ef5fbcc5ed9981462bdf59a9ae85a291e62d8a8d0b7e5cbe43"},
    {url = "https://files.pythonhosted.org/packages/ee/30/fe8211b50c3d476a123509967c34c41c4505264c3fd0e76d4fc65e33be5e/pygame-2.1.2-cp310-cp310-macosx_10_9_x86_64.whl", hash = "sha256:f149e182d0eeef15d8a9b4c9dad1b87dc6eba3a99bd3c44a777a3a2b053a3dca"},
    {url = "https://files.pythonhosted.org/packages/f8/50/b66e54176f785ce6a812f63f870995b345110698e22dda214d5087dc506e/pygame-2.1.2-cp39-cp39-manylinux_2_17_x86_64.manylinux2014_x86_64.whl", hash = "sha256:0e06ae8e1c830f1b9c36a2bc6bb11de840232e95b78e2c349c6ed803a303be19"},
    {url = "https://files.pythonhosted.org/packages/fc/87/60ab97957abc321842207d6642fec91b39c05023967fc42134c7a1957371/pygame-2.1.2-cp38-cp38-manylinux_2_17_aarch64.manylinux2014_aarch64.whl", hash = "sha256:3bb0674aa789848ddc264bfc60c54965bf3bb659c141de4f600e379acc9b944c"},
    {url = "https://files.pythonhosted.org/packages/ff/b5/48646947fe59fcb184385fb1ae70b45ea23f03ce66cf585aa57fb75a8732/pygame-2.1.2-pp37-pypy37_pp73-manylinux_2_12_x86_64.manylinux2010_x86_64.whl", hash = "sha256:5c7600bf307de1ca1dca0cc7840e34604d5b0b0a5a5dad345c3fa62b054b886d"},
    {url = "https://files.pythonhosted.org/packages/ff/f0/46fb05ec41021a68c1bbadae61c7f9a02d04dcdeb6b33deb1b31dc275f4e/pygame-2.1.2-cp39-cp39-macosx_10_9_x86_64.whl", hash = "sha256:660c80c0b2e80f1f801715583b759fb4c7bc0c11eb3b534e89c9fc4bfbc38acd"},
]
"requests 2.28.1" = [
    {url = "https://files.pythonhosted.org/packages/a5/61/a867851fd5ab77277495a8709ddda0861b28163c4613b011bc00228cc724/requests-2.28.1.tar.gz", hash = "sha256:7c5599b102feddaa661c826c56ab4fee28bfd17f5abca1ebbe3e7f19d7c97983"},
    {url = "https://files.pythonhosted.org/packages/ca/91/6d9b8ccacd0412c08820f72cebaa4f0c0441b5cda699c90f618b6f8a1b42/requests-2.28.1-py3-none-any.whl", hash = "sha256:8fefa2a1a1365bf5520aac41836fbee479da67864514bdb821f31ce07ce65349"},
]
"rfc3986 1.5.0" = [
    {url = "https://files.pythonhosted.org/packages/79/30/5b1b6c28c105629cc12b33bdcbb0b11b5bb1880c6cfbd955f9e792921aa8/rfc3986-1.5.0.tar.gz", hash = "sha256:270aaf10d87d0d4e095063c65bf3ddbc6ee3d0b226328ce21e036f946e421835"},
    {url = "https://files.pythonhosted.org/packages/c4/e5/63ca2c4edf4e00657584608bee1001302bbf8c5f569340b78304f2f446cb/rfc3986-1.5.0-py2.py3-none-any.whl", hash = "sha256:a86d6e1f5b1dc238b218b012df0aa79409667bb209e58da56d0b94704e712a97"},
]
"six 1.16.0" = [
    {url = "https://files.pythonhosted.org/packages/71/39/171f1c67cd00715f190ba0b100d606d440a28c93c7714febeca8b79af85e/six-1.16.0.tar.gz", hash = "sha256:1e61c37477a1626458e36f7b1d82aa5c9b094fa4802892072e49de9c60c4c926"},
    {url = "https://files.pythonhosted.org/packages/d9/5a/e7c31adbe875f2abbb91bd84cf2dc52d792b5a01506781dbcf25c91daf11/six-1.16.0-py2.py3-none-any.whl", hash = "sha256:8abb2f1d86890a2dfb989f9a77cfcfd3e47c2a354b01111771326f8aa26e0254"},
]
"sniffio 1.3.0" = [
    {url = "https://files.pythonhosted.org/packages/c3/a0/5dba8ed157b0136607c7f2151db695885606968d1fae123dc3391e0cfdbf/sniffio-1.3.0-py3-none-any.whl", hash = "sha256:eecefdce1e5bbfb7ad2eeaabf7c1eeb404d7757c379bd1f7e5cce9d8bf425384"},
    {url = "https://files.pythonhosted.org/packages/cd/50/d49c388cae4ec10e8109b1b833fd265511840706808576df3ada99ecb0ac/sniffio-1.3.0.tar.gz", hash = "sha256:e60305c5e5d314f5389259b7f22aaa33d8f7dee49763119234af3755c55b9101"},
]
"speechrecognition 3.9.0" = [
    {url = "https://files.pythonhosted.org/packages/88/54/82f70dd84a89ce66b8431338a14fc8580e825e39ca5d79775859f2bcf895/SpeechRecognition-3.9.0-py2.py3-none-any.whl", hash = "sha256:6da44facb564b3f2bcee96a2bf876b89a14f61afdee1e7fb12815e58211fd329"},
    {url = "https://files.pythonhosted.org/packages/d8/57/94f562bb990851f948edb063ea01be33506bf513270409a36661a68035b1/SpeechRecognition-3.9.0.tar.gz", hash = "sha256:a2f992acda6314a3fa574bf84c2e075ce75f2b4c143b4435d7cbc98f66565ee7"},
]
"tomli 2.0.1" = [
    {url = "https://files.pythonhosted.org/packages/97/75/10a9ebee3fd790d20926a90a2547f0bf78f371b2f13aa822c759680ca7b9/tomli-2.0.1-py3-none-any.whl", hash = "sha256:939de3e7a6161af0c887ef91b7d41a53e7c5a1ca976325f429cb46ea9bc30ecc"},
    {url = "https://files.pythonhosted.org/packages/c0/3f/d7af728f075fb08564c5949a9c95e44352e23dee646869fa104a3b2060a3/tomli-2.0.1.tar.gz", hash = "sha256:de526c12914f0c550d15924c62d72abc48d6fe7364aa87328337a31007fe8a4f"},
]
"typing-extensions 4.4.0" = [
    {url = "https://files.pythonhosted.org/packages/0b/8e/f1a0a5a76cfef77e1eb6004cb49e5f8d72634da638420b9ea492ce8305e8/typing_extensions-4.4.0-py3-none-any.whl", hash = "sha256:16fa4864408f655d35ec496218b85f79b3437c829e93320c7c9215ccfd92489e"},
    {url = "https://files.pythonhosted.org/packages/e3/a7/8f4e456ef0adac43f452efc2d0e4b242ab831297f1bac60ac815d37eb9cf/typing_extensions-4.4.0.tar.gz", hash = "sha256:1511434bb92bf8dd198c12b1cc812e800d4181cfcb867674e0f8279cc93087aa"},
]
"urllib3 1.26.13" = [
    {url = "https://files.pythonhosted.org/packages/65/0c/cc6644eaa594585e5875f46f3c83ee8762b647b51fc5b0fb253a242df2dc/urllib3-1.26.13-py2.py3-none-any.whl", hash = "sha256:47cc05d99aaa09c9e72ed5809b60e7ba354e64b59c9c173ac3018642d8bb41fc"},
    {url = "https://files.pythonhosted.org/packages/c2/51/32da03cf19d17d46cce5c731967bf58de9bd71db3a379932f53b094deda4/urllib3-1.26.13.tar.gz", hash = "sha256:c083dd0dce68dbfbe1129d5271cb90f9447dea7d52097c6e0126120c521ddea8"},
]
